
Microsoft Visual Studio Solution File, Format Version 12.00
# Visual Studio 15
VisualStudioVersion = 15.0.27428.1
MinimumVisualStudioVersion = 10.0.40219.1
Project("{8BC9CEB8-8B4A-11D0-8D11-00A0C91BC942}") = "第十一次作业", "第十一次作业\第十一次作业.vcxproj", "{8B401D2A-1A64-4CD7-87EB-B52058CAEBEE}"
EndProject
Global
	GlobalSection(SolutionConfigurationPlatforms) = preSolution
		Debug|x64 = Debug|x64
		Debug|x86 = Debug|x86
		Release|x64 = Release|x64
		Release|x86 = Release|x86
	EndGlobalSection
	GlobalSection(ProjectConfigurationPlatforms) = postSolution
		{8B401D2A-1A64-4CD7-87EB-B52058CAEBEE}.Debug|x64.ActiveCfg = Debug|x64
		{8B401D2A-1A64-4CD7-87EB-B52058CAEBEE}.Debug|x64.Build.0 = Debug|x64
		{8B401D2A-1A64-4CD7-87EB-B52058CAEBEE}.Debug|x86.ActiveCfg = Debug|Win32
		{8B401D2A-1A64-4CD7-87EB-B52058CAEBEE}.Debug|x86.Build.0 = Debug|Win32
		{8B401D2A-1A64-4CD7-87EB-B52058CAEBEE}.Release|x64.ActiveCfg = Release|x64
		{8B401D2A-1A64-4CD7-87EB-B52058CAEBEE}.Release|x64.Build.0 = Release|x64
		{8B401D2A-1A64-4CD7-87EB-B52058CAEBEE}.Release|x86.ActiveCfg = Release|Win32
		{8B401D2A-1A64-4CD7-87EB-B52058CAEBEE}.Release|x86.Build.0 = Release|Win32
	EndGlobalSection
	GlobalSection(SolutionProperties) = preSolution
		HideSolutionNode = FALSE
	EndGlobalSection
	GlobalSection(ExtensibilityGlobals) = postSolution
		SolutionGuid = {B904B735-EB3C-4F2B-A9F8-026F49BE3C77}
	EndGlobalSection
EndGlobal
